
Microsoft Visual Studio Solution File, Format Version 12.00
# Visual Studio Version 17
VisualStudioVersion = 17.0.31512.422
MinimumVisualStudioVersion = 10.0.40219.1
Project("{FAE04EC0-301F-11D3-BF4B-00C04F79EFBC}") = "Dynoface.NetStandard", "Dynoface.NetStandard\Dynoface.NetStandard.csproj", "{43C16FC9-4F7C-4F58-AEDF-71900AB21D6E}"
EndProject
Global
	GlobalSection(SolutionConfigurationPlatforms) = preSolution
		Debug|Any CPU = Debug|Any CPU
		Release|Any CPU = Release|Any CPU
	EndGlobalSection
	GlobalSection(ProjectConfigurationPlatforms) = postSolution
		{43C16FC9-4F7C-4F58-AEDF-71900AB21D6E}.Debug|Any CPU.ActiveCfg = Debug|Any CPU
		{43C16FC9-4F7C-4F58-AEDF-71900AB21D6E}.Debug|Any CPU.Build.0 = Debug|Any CPU
		{43C16FC9-4F7C-4F58-AEDF-71900AB21D6E}.Release|Any CPU.ActiveCfg = Release|Any CPU
		{43C16FC9-4F7C-4F58-AEDF-71900AB21D6E}.Release|Any CPU.Build.0 = Release|Any CPU
	EndGlobalSection
	GlobalSection(SolutionProperties) = preSolution
		HideSolutionNode = FALSE
	EndGlobalSection
	GlobalSection(ExtensibilityGlobals) = postSolution
		SolutionGuid = {CF20450D-B916-4FA0-AA3B-1524E0D04756}
	EndGlobalSection
EndGlobal
