
Microsoft Visual Studio Solution File, Format Version 12.00
# Visual Studio Version 17
VisualStudioVersion = 17.0.31512.422
MinimumVisualStudioVersion = 10.0.40219.1
Project("{9A19103F-16F7-4668-BE54-9A1E7A4F7556}") = "Dynoface", "Dynoface\Dynoface.csproj", "{AE83F6D3-2056-4CDE-BDB4-31E9F60AF5F6}"
EndProject
Global
	GlobalSection(SolutionConfigurationPlatforms) = preSolution
		Debug|Any CPU = Debug|Any CPU
		Release|Any CPU = Release|Any CPU
	EndGlobalSection
	GlobalSection(ProjectConfigurationPlatforms) = postSolution
		{AE83F6D3-2056-4CDE-BDB4-31E9F60AF5F6}.Debug|Any CPU.ActiveCfg = Debug|Any CPU
		{AE83F6D3-2056-4CDE-BDB4-31E9F60AF5F6}.Debug|Any CPU.Build.0 = Debug|Any CPU
		{AE83F6D3-2056-4CDE-BDB4-31E9F60AF5F6}.Release|Any CPU.ActiveCfg = Release|Any CPU
		{AE83F6D3-2056-4CDE-BDB4-31E9F60AF5F6}.Release|Any CPU.Build.0 = Release|Any CPU
	EndGlobalSection
	GlobalSection(SolutionProperties) = preSolution
		HideSolutionNode = FALSE
	EndGlobalSection
	GlobalSection(ExtensibilityGlobals) = postSolution
		SolutionGuid = {CF20450D-B916-4FA0-AA3B-1524E0D04756}
	EndGlobalSection
EndGlobal
